{
  "name": "lamont-portafolio",
  "version": "1.0.0",
  "lockfileVersion": 3,
  "requires": true,
  "packages": {
    "": {
      "name": "lamont-portafolio",
      "version": "1.0.0",
      "dependencies": {
        "@netlify/blobs": "^8.1.0"
      },
      "devDependencies": {
        "@fontsource-variable/bricolage-grotesque": "^5.1.0",
        "@fontsource-variable/geist": "^5.1.0",
        "@fontsource-variable/syne": "^5.3.0",
        "@fontsource/geist-mono": "^5.1.0",
        "@phosphor-icons/core": "^2.1.1"
      }
    },
    "node_modules/@fontsource-variable/bricolage-grotesque": {
      "version": "5.3.0",
      "resolved": "https://registry.npmjs.org/@fontsource-variable/bricolage-grotesque/-/bricolage-grotesque-5.3.0.tgz",
      "integrity": "sha512-TLi9Q4hJjS2UvoTMRSS2nHu6c4R56lAw60NR9QYtVRCHn0XtsFpiEhNffZ8Glsoxu6wEEwLKBP8lb94J52PNBA==",
      "dev": true,
      "license": "OFL-1.1",
      "funding": {
        "url": "https://github.com/sponsors/ayuhito"
      }
    },
    "node_modules/@fontsource-variable/geist": {
      "version": "5.3.0",
      "resolved": "https://registry.npmjs.org/@fontsource-variable/geist/-/geist-5.3.0.tgz",
      "integrity": "sha512-j0m+vLQuG5XAYoHtGCVu0spvlGreR3EzpECUVzkFmI1mTVnAO38l/NEPDCFgZ177JxzYJCLSmTQibIiYPilGrA==",
      "dev": true,
      "license": "OFL-1.1",
      "funding": {
        "url": "https://github.com/sponsors/ayuhito"
      }
    },
    "node_modules/@fontsource-variable/syne": {
      "version": "5.3.0",
      "resolved": "https://registry.npmjs.org/@fontsource-variable/syne/-/syne-5.3.0.tgz",
      "integrity": "sha512-GUNH65fUfWHQcX7bO0BGgScE465gawpTId45aDfhHcVj/upbb6b+2d++5keKP128vK8+LtE4dvLkKTsxoh7TwA==",
      "dev": true,
      "license": "OFL-1.1",
      "funding": {
        "url": "https://github.com/sponsors/ayuhito"
      }
    },
    "node_modules/@fontsource/geist-mono": {
      "version": "5.3.0",
      "resolved": "https://registry.npmjs.org/@fontsource/geist-mono/-/geist-mono-5.3.0.tgz",
      "integrity": "sha512-UtJ1BBBCVpMYdIcW7nEB45UAoAw5M53ZXs2t0ciPW+IokuAAIc56M8+kW5tXbRJCTpDw4XTtU7proT6NdQAHTg==",
      "dev": true,
      "license": "OFL-1.1",
      "funding": {
        "url": "https://github.com/sponsors/ayuhito"
      }
    },
    "node_modules/@netlify/blobs": {
      "version": "8.2.0",
      "resolved": "https://registry.npmjs.org/@netlify/blobs/-/blobs-8.2.0.tgz",
      "integrity": "sha512-9djLZHBKsoKk8XCgwWSEPK9QnT8qqxEQGuYh48gFIcNLvpBKkLnHbDZuyUxmNemCfDz7h0HnMXgSPnnUVgARhg==",
      "license": "MIT",
      "engines": {
        "node": "^14.16.0 || >=16.0.0"
      }
    },
    "node_modules/@phosphor-icons/core": {
      "version": "2.1.1",
      "resolved": "https://registry.npmjs.org/@phosphor-icons/core/-/core-2.1.1.tgz",
      "integrity": "sha512-v4ARvrip4qBCImOE5rmPUylOEK4iiED9ZyKjcvzuezqMaiRASCHKcRIuvvxL/twvLpkfnEODCOJp5dM4eZilxQ==",
      "dev": true,
      "license": "MIT"
    }
  }
}
